
Microsoft Visual Studio Solution File, Format Version 12.00
# Visual Studio 15
Project("{FAE04EC0-301F-11D3-BF4B-00C04F79EFBC}") = "Assembly-CSharp", "Assembly-CSharp.csproj", "{C47A4659-16C3-17DE-B90D-4671DD8D7BE6}"
EndProject
Project("{FAE04EC0-301F-11D3-BF4B-00C04F79EFBC}") = "Assembly-CSharp-Editor", "Assembly-CSharp-Editor.csproj", "{7936F1C7-FB8C-70BF-F49D-D2F7271D4330}"
EndProject
Global
	GlobalSection(SolutionConfigurationPlatforms) = preSolution
		Debug|Any CPU = Debug|Any CPU
		Release|Any CPU = Release|Any CPU
	EndGlobalSection
	GlobalSection(ProjectConfigurationPlatforms) = postSolution
		{C47A4659-16C3-17DE-B90D-4671DD8D7BE6}.Debug|Any CPU.ActiveCfg = Debug|Any CPU
		{C47A4659-16C3-17DE-B90D-4671DD8D7BE6}.Debug|Any CPU.Build.0 = Debug|Any CPU
		{C47A4659-16C3-17DE-B90D-4671DD8D7BE6}.Release|Any CPU.ActiveCfg = Release|Any CPU
		{C47A4659-16C3-17DE-B90D-4671DD8D7BE6}.Release|Any CPU.Build.0 = Release|Any CPU
		{7936F1C7-FB8C-70BF-F49D-D2F7271D4330}.Debug|Any CPU.ActiveCfg = Debug|Any CPU
		{7936F1C7-FB8C-70BF-F49D-D2F7271D4330}.Debug|Any CPU.Build.0 = Debug|Any CPU
		{7936F1C7-FB8C-70BF-F49D-D2F7271D4330}.Release|Any CPU.ActiveCfg = Release|Any CPU
		{7936F1C7-FB8C-70BF-F49D-D2F7271D4330}.Release|Any CPU.Build.0 = Release|Any CPU
	EndGlobalSection
	GlobalSection(SolutionProperties) = preSolution
		HideSolutionNode = FALSE
	EndGlobalSection
EndGlobal
